
Microsoft Visual Studio Solution File, Format Version 12.00
# Visual Studio Version 17
VisualStudioVersion = 17.7.34031.279
MinimumVisualStudioVersion = 10.0.40219.1
Project("{2150E333-8FDC-42A3-9474-1A3956D46DE8}") = "FrontEnd", "FrontEnd", "{7130CC13-F997-460C-BA2C-4FFDEF91AA3E}"
EndProject
Project("{2150E333-8FDC-42A3-9474-1A3956D46DE8}") = "Gateway", "Gateway", "{2FAF280D-1A67-4190-8559-F565653D7952}"
EndProject
Project("{2150E333-8FDC-42A3-9474-1A3956D46DE8}") = "Integration", "Integration", "{14A95B98-D55C-443D-9455-B0158214FE9A}"
EndProject
Project("{2150E333-8FDC-42A3-9474-1A3956D46DE8}") = "Services", "Services", "{F9A9A205-C661-474A-B492-130138766AB6}"
EndProject
Project("{9A19103F-16F7-4668-BE54-9A1E7A4F7556}") = "Ecom.Services.CoupanAPI", "Ecom.Services.CoupanAPI\Ecom.Services.CoupanAPI.csproj", "{3419191B-4D51-45FB-9FAF-CF5E64DA30D1}"
EndProject
Project("{9A19103F-16F7-4668-BE54-9A1E7A4F7556}") = "Ecom_Web", "Ecom_Web\Ecom_Web.csproj", "{13856E21-F91D-405E-BFB8-37A1D1AF8D5B}"
EndProject
Project("{9A19103F-16F7-4668-BE54-9A1E7A4F7556}") = "Ecom_AuthAPI", "Ecom_AuthAPI\Ecom_AuthAPI.csproj", "{11078759-523E-4A13-B11D-DE77422F3C65}"
EndProject
Project("{9A19103F-16F7-4668-BE54-9A1E7A4F7556}") = "Ecom.Service.ProductAPI", "Ecom.Service.ProductAPI\Ecom.Service.ProductAPI.csproj", "{205EA563-3161-428A-BD5A-EB28B8D20021}"
EndProject
Project("{9A19103F-16F7-4668-BE54-9A1E7A4F7556}") = "Ecom_ShoppingCartAPI", "Ecom_ShoppingCartAPI\Ecom_ShoppingCartAPI.csproj", "{AFDD458A-7CC2-4FEB-9E12-0D709F4D8E44}"
EndProject
Project("{9A19103F-16F7-4668-BE54-9A1E7A4F7556}") = "Ecom.MessageBus", "Ecom.MessageBus\Ecom.MessageBus.csproj", "{E13F1482-16B2-42DF-8A61-613BF9623B5E}"
EndProject
Project("{9A19103F-16F7-4668-BE54-9A1E7A4F7556}") = "Ecom.Service.EmailAPI", "Ecom.Service.EmailAPI\Ecom.Service.EmailAPI.csproj", "{DA158994-3401-4B89-A1DA-571462279F34}"
EndProject
Project("{9A19103F-16F7-4668-BE54-9A1E7A4F7556}") = "Ecom.Service.OrderAPI", "Ecom.Service.OrderAPI\Ecom.Service.OrderAPI.csproj", "{E4572268-35AF-49E9-9319-23C4E2B60B1B}"
EndProject
Project("{FAE04EC0-301F-11D3-BF4B-00C04F79EFBC}") = "Ecom.Gateway", "Ecom.Gateway\Ecom.Gateway.csproj", "{39FD3F65-DB61-47C0-AB09-DF8CEF2DCD77}"
EndProject
Global
	GlobalSection(SolutionConfigurationPlatforms) = preSolution
		Debug|Any CPU = Debug|Any CPU
		Release|Any CPU = Release|Any CPU
	EndGlobalSection
	GlobalSection(ProjectConfigurationPlatforms) = postSolution
		{3419191B-4D51-45FB-9FAF-CF5E64DA30D1}.Debug|Any CPU.ActiveCfg = Debug|Any CPU
		{3419191B-4D51-45FB-9FAF-CF5E64DA30D1}.Debug|Any CPU.Build.0 = Debug|Any CPU
		{3419191B-4D51-45FB-9FAF-CF5E64DA30D1}.Release|Any CPU.ActiveCfg = Release|Any CPU
		{3419191B-4D51-45FB-9FAF-CF5E64DA30D1}.Release|Any CPU.Build.0 = Release|Any CPU
		{13856E21-F91D-405E-BFB8-37A1D1AF8D5B}.Debug|Any CPU.ActiveCfg = Debug|Any CPU
		{13856E21-F91D-405E-BFB8-37A1D1AF8D5B}.Debug|Any CPU.Build.0 = Debug|Any CPU
		{13856E21-F91D-405E-BFB8-37A1D1AF8D5B}.Release|Any CPU.ActiveCfg = Release|Any CPU
		{13856E21-F91D-405E-BFB8-37A1D1AF8D5B}.Release|Any CPU.Build.0 = Release|Any CPU
		{11078759-523E-4A13-B11D-DE77422F3C65}.Debug|Any CPU.ActiveCfg = Debug|Any CPU
		{11078759-523E-4A13-B11D-DE77422F3C65}.Debug|Any CPU.Build.0 = Debug|Any CPU
		{11078759-523E-4A13-B11D-DE77422F3C65}.Release|Any CPU.ActiveCfg = Release|Any CPU
		{11078759-523E-4A13-B11D-DE77422F3C65}.Release|Any CPU.Build.0 = Release|Any CPU
		{205EA563-3161-428A-BD5A-EB28B8D20021}.Debug|Any CPU.ActiveCfg = Debug|Any CPU
		{205EA563-3161-428A-BD5A-EB28B8D20021}.Debug|Any CPU.Build.0 = Debug|Any CPU
		{205EA563-3161-428A-BD5A-EB28B8D20021}.Release|Any CPU.ActiveCfg = Release|Any CPU
		{205EA563-3161-428A-BD5A-EB28B8D20021}.Release|Any CPU.Build.0 = Release|Any CPU
		{AFDD458A-7CC2-4FEB-9E12-0D709F4D8E44}.Debug|Any CPU.ActiveCfg = Debug|Any CPU
		{AFDD458A-7CC2-4FEB-9E12-0D709F4D8E44}.Debug|Any CPU.Build.0 = Debug|Any CPU
		{AFDD458A-7CC2-4FEB-9E12-0D709F4D8E44}.Release|Any CPU.ActiveCfg = Release|Any CPU
		{AFDD458A-7CC2-4FEB-9E12-0D709F4D8E44}.Release|Any CPU.Build.0 = Release|Any CPU
		{E13F1482-16B2-42DF-8A61-613BF9623B5E}.Debug|Any CPU.ActiveCfg = Debug|Any CPU
		{E13F1482-16B2-42DF-8A61-613BF9623B5E}.Debug|Any CPU.Build.0 = Debug|Any CPU
		{E13F1482-16B2-42DF-8A61-613BF9623B5E}.Release|Any CPU.ActiveCfg = Release|Any CPU
		{E13F1482-16B2-42DF-8A61-613BF9623B5E}.Release|Any CPU.Build.0 = Release|Any CPU
		{DA158994-3401-4B89-A1DA-571462279F34}.Debug|Any CPU.ActiveCfg = Debug|Any CPU
		{DA158994-3401-4B89-A1DA-571462279F34}.Debug|Any CPU.Build.0 = Debug|Any CPU
		{DA158994-3401-4B89-A1DA-571462279F34}.Release|Any CPU.ActiveCfg = Release|Any CPU
		{DA158994-3401-4B89-A1DA-571462279F34}.Release|Any CPU.Build.0 = Release|Any CPU
		{E4572268-35AF-49E9-9319-23C4E2B60B1B}.Debug|Any CPU.ActiveCfg = Debug|Any CPU
		{E4572268-35AF-49E9-9319-23C4E2B60B1B}.Debug|Any CPU.Build.0 = Debug|Any CPU
		{E4572268-35AF-49E9-9319-23C4E2B60B1B}.Release|Any CPU.ActiveCfg = Release|Any CPU
		{E4572268-35AF-49E9-9319-23C4E2B60B1B}.Release|Any CPU.Build.0 = Release|Any CPU
		{39FD3F65-DB61-47C0-AB09-DF8CEF2DCD77}.Debug|Any CPU.ActiveCfg = Debug|Any CPU
		{39FD3F65-DB61-47C0-AB09-DF8CEF2DCD77}.Debug|Any CPU.Build.0 = Debug|Any CPU
		{39FD3F65-DB61-47C0-AB09-DF8CEF2DCD77}.Release|Any CPU.ActiveCfg = Release|Any CPU
		{39FD3F65-DB61-47C0-AB09-DF8CEF2DCD77}.Release|Any CPU.Build.0 = Release|Any CPU
	EndGlobalSection
	GlobalSection(SolutionProperties) = preSolution
		HideSolutionNode = FALSE
	EndGlobalSection
	GlobalSection(NestedProjects) = preSolution
		{3419191B-4D51-45FB-9FAF-CF5E64DA30D1} = {F9A9A205-C661-474A-B492-130138766AB6}
		{13856E21-F91D-405E-BFB8-37A1D1AF8D5B} = {7130CC13-F997-460C-BA2C-4FFDEF91AA3E}
		{11078759-523E-4A13-B11D-DE77422F3C65} = {F9A9A205-C661-474A-B492-130138766AB6}
		{205EA563-3161-428A-BD5A-EB28B8D20021} = {F9A9A205-C661-474A-B492-130138766AB6}
		{AFDD458A-7CC2-4FEB-9E12-0D709F4D8E44} = {F9A9A205-C661-474A-B492-130138766AB6}
		{E13F1482-16B2-42DF-8A61-613BF9623B5E} = {14A95B98-D55C-443D-9455-B0158214FE9A}
		{DA158994-3401-4B89-A1DA-571462279F34} = {F9A9A205-C661-474A-B492-130138766AB6}
		{E4572268-35AF-49E9-9319-23C4E2B60B1B} = {F9A9A205-C661-474A-B492-130138766AB6}
		{39FD3F65-DB61-47C0-AB09-DF8CEF2DCD77} = {2FAF280D-1A67-4190-8559-F565653D7952}
	EndGlobalSection
	GlobalSection(ExtensibilityGlobals) = postSolution
		SolutionGuid = {A7C3ED71-D7DB-458D-9881-20DDFE3DA87E}
	EndGlobalSection
EndGlobal
